
Microsoft Visual Studio Solution File, Format Version 12.00
# Visual Studio Version 17
VisualStudioVersion = 17.0.32126.317
MinimumVisualStudioVersion = 10.0.40219.1
Project("{9A19103F-16F7-4668-BE54-9A1E7A4F7556}") = "img.birb.cc", "img.birb.cc\img.birb.cc.csproj", "{3B7BD81D-345F-409F-8BF1-58D9083EF821}"
EndProject
Project("{2150E333-8FDC-42A3-9474-1A3956D46DE8}") = "Solution Items", "Solution Items", "{5F44C6E6-2D9E-48A0-B5A1-E974F097B585}"
	ProjectSection(SolutionItems) = preProject
		.editorconfig = .editorconfig
	EndProjectSection
EndProject
Global
	GlobalSection(SolutionConfigurationPlatforms) = preSolution
		Debug|Any CPU = Debug|Any CPU
		Release|Any CPU = Release|Any CPU
	EndGlobalSection
	GlobalSection(ProjectConfigurationPlatforms) = postSolution
		{3B7BD81D-345F-409F-8BF1-58D9083EF821}.Debug|Any CPU.ActiveCfg = Debug|Any CPU
		{3B7BD81D-345F-409F-8BF1-58D9083EF821}.Debug|Any CPU.Build.0 = Debug|Any CPU
		{3B7BD81D-345F-409F-8BF1-58D9083EF821}.Release|Any CPU.ActiveCfg = Release|Any CPU
		{3B7BD81D-345F-409F-8BF1-58D9083EF821}.Release|Any CPU.Build.0 = Release|Any CPU
	EndGlobalSection
	GlobalSection(SolutionProperties) = preSolution
		HideSolutionNode = FALSE
	EndGlobalSection
	GlobalSection(ExtensibilityGlobals) = postSolution
		SolutionGuid = {C7247A68-4341-43D0-AD2B-9A5F47523CC6}
	EndGlobalSection
EndGlobal
